
Microsoft Visual Studio Solution File, Format Version 12.00
# Visual Studio Version 16
VisualStudioVersion = 16.0.30804.86
MinimumVisualStudioVersion = 10.0.40219.1
Project("{9A19103F-16F7-4668-BE54-9A1E7A4F7556}") = "BcdLib", "BcdLib\BcdLib.csproj", "{58D04670-EB37-4DDD-B8D0-93C0D86A2C4F}"
EndProject
Project("{9A19103F-16F7-4668-BE54-9A1E7A4F7556}") = "BcdLibSample", "BcdLibSample\BcdLibSample.csproj", "{5A0A4001-CF26-45E6-8649-D5A41A9A5B0C}"
EndProject
Global
	GlobalSection(SolutionConfigurationPlatforms) = preSolution
		Debug|Any CPU = Debug|Any CPU
		Release|Any CPU = Release|Any CPU
	EndGlobalSection
	GlobalSection(ProjectConfigurationPlatforms) = postSolution
		{58D04670-EB37-4DDD-B8D0-93C0D86A2C4F}.Debug|Any CPU.ActiveCfg = Debug|Any CPU
		{58D04670-EB37-4DDD-B8D0-93C0D86A2C4F}.Debug|Any CPU.Build.0 = Debug|Any CPU
		{58D04670-EB37-4DDD-B8D0-93C0D86A2C4F}.Release|Any CPU.ActiveCfg = Release|Any CPU
		{58D04670-EB37-4DDD-B8D0-93C0D86A2C4F}.Release|Any CPU.Build.0 = Release|Any CPU
		{5A0A4001-CF26-45E6-8649-D5A41A9A5B0C}.Debug|Any CPU.ActiveCfg = Debug|Any CPU
		{5A0A4001-CF26-45E6-8649-D5A41A9A5B0C}.Debug|Any CPU.Build.0 = Debug|Any CPU
		{5A0A4001-CF26-45E6-8649-D5A41A9A5B0C}.Release|Any CPU.ActiveCfg = Release|Any CPU
		{5A0A4001-CF26-45E6-8649-D5A41A9A5B0C}.Release|Any CPU.Build.0 = Release|Any CPU
	EndGlobalSection
	GlobalSection(SolutionProperties) = preSolution
		HideSolutionNode = FALSE
	EndGlobalSection
	GlobalSection(ExtensibilityGlobals) = postSolution
		SolutionGuid = {18D47D8A-F3FF-4B7F-8650-F18DF130FC31}
	EndGlobalSection
EndGlobal
